
Microsoft Visual Studio Solution File, Format Version 12.00
# Visual Studio Version 17
VisualStudioVersion = 17.5.33502.453
MinimumVisualStudioVersion = 10.0.40219.1
Project("{FAE04EC0-301F-11D3-BF4B-00C04F79EFBC}") = "CardManager", "CardManager\CardManager.csproj", "{EC886F5C-97FD-496C-92F9-DFAF00A60383}"
EndProject
Global
	GlobalSection(SolutionConfigurationPlatforms) = preSolution
		Debug|Any CPU = Debug|Any CPU
		Release|Any CPU = Release|Any CPU
	EndGlobalSection
	GlobalSection(ProjectConfigurationPlatforms) = postSolution
		{EC886F5C-97FD-496C-92F9-DFAF00A60383}.Debug|Any CPU.ActiveCfg = Debug|Any CPU
		{EC886F5C-97FD-496C-92F9-DFAF00A60383}.Debug|Any CPU.Build.0 = Debug|Any CPU
		{EC886F5C-97FD-496C-92F9-DFAF00A60383}.Release|Any CPU.ActiveCfg = Release|Any CPU
		{EC886F5C-97FD-496C-92F9-DFAF00A60383}.Release|Any CPU.Build.0 = Release|Any CPU
	EndGlobalSection
	GlobalSection(SolutionProperties) = preSolution
		HideSolutionNode = FALSE
	EndGlobalSection
	GlobalSection(ExtensibilityGlobals) = postSolution
		SolutionGuid = {5EB2A807-CCDA-4018-875B-3294790F20F5}
	EndGlobalSection
EndGlobal
